
Microsoft Visual Studio Solution File, Format Version 12.00
# Visual Studio 15
VisualStudioVersion = 15.0.27428.2027
MinimumVisualStudioVersion = 10.0.40219.1
Project("{FAE04EC0-301F-11D3-BF4B-00C04F79EFBC}") = "LTWebsite", "Leieve_Tea_Project\LTWebsite.csproj", "{2A01A775-D056-4C50-B56C-4EAC2738AA6D}"
EndProject
Project("{FAE04EC0-301F-11D3-BF4B-00C04F79EFBC}") = "LeieveTea.Data", "LeieveTea.Data\LeieveTea.Data.csproj", "{A20C7BC3-FCE0-4FE1-96DD-79A3921BD48D}"
EndProject
Project("{FAE04EC0-301F-11D3-BF4B-00C04F79EFBC}") = "LeieveTeaSystem", "LeieveTeaSystem\LeieveTeaSystem.csproj", "{AA4A61DA-203E-466B-A85B-1E770E8B26A3}"
EndProject
Project("{FAE04EC0-301F-11D3-BF4B-00C04F79EFBC}") = "AppSecurity", "AppSecurity\AppSecurity.csproj", "{4EBD4141-449B-410A-8E92-A03A055C5BE1}"
EndProject
Global
	GlobalSection(SolutionConfigurationPlatforms) = preSolution
		Debug|Any CPU = Debug|Any CPU
		Release|Any CPU = Release|Any CPU
	EndGlobalSection
	GlobalSection(ProjectConfigurationPlatforms) = postSolution
		{2A01A775-D056-4C50-B56C-4EAC2738AA6D}.Debug|Any CPU.ActiveCfg = Debug|Any CPU
		{2A01A775-D056-4C50-B56C-4EAC2738AA6D}.Debug|Any CPU.Build.0 = Debug|Any CPU
		{2A01A775-D056-4C50-B56C-4EAC2738AA6D}.Release|Any CPU.ActiveCfg = Release|Any CPU
		{2A01A775-D056-4C50-B56C-4EAC2738AA6D}.Release|Any CPU.Build.0 = Release|Any CPU
		{A20C7BC3-FCE0-4FE1-96DD-79A3921BD48D}.Debug|Any CPU.ActiveCfg = Debug|Any CPU
		{A20C7BC3-FCE0-4FE1-96DD-79A3921BD48D}.Debug|Any CPU.Build.0 = Debug|Any CPU
		{A20C7BC3-FCE0-4FE1-96DD-79A3921BD48D}.Release|Any CPU.ActiveCfg = Release|Any CPU
		{A20C7BC3-FCE0-4FE1-96DD-79A3921BD48D}.Release|Any CPU.Build.0 = Release|Any CPU
		{AA4A61DA-203E-466B-A85B-1E770E8B26A3}.Debug|Any CPU.ActiveCfg = Debug|Any CPU
		{AA4A61DA-203E-466B-A85B-1E770E8B26A3}.Debug|Any CPU.Build.0 = Debug|Any CPU
		{AA4A61DA-203E-466B-A85B-1E770E8B26A3}.Release|Any CPU.ActiveCfg = Release|Any CPU
		{AA4A61DA-203E-466B-A85B-1E770E8B26A3}.Release|Any CPU.Build.0 = Release|Any CPU
		{4EBD4141-449B-410A-8E92-A03A055C5BE1}.Debug|Any CPU.ActiveCfg = Debug|Any CPU
		{4EBD4141-449B-410A-8E92-A03A055C5BE1}.Debug|Any CPU.Build.0 = Debug|Any CPU
		{4EBD4141-449B-410A-8E92-A03A055C5BE1}.Release|Any CPU.ActiveCfg = Release|Any CPU
		{4EBD4141-449B-410A-8E92-A03A055C5BE1}.Release|Any CPU.Build.0 = Release|Any CPU
	EndGlobalSection
	GlobalSection(SolutionProperties) = preSolution
		HideSolutionNode = FALSE
	EndGlobalSection
	GlobalSection(ExtensibilityGlobals) = postSolution
		SolutionGuid = {62209C4C-B1F9-44E7-B2C2-1E8C6B26EC72}
	EndGlobalSection
EndGlobal
